// !$*UTF8*$!
{
	archiveVersion = 1;
	classes = {
	};
	objectVersion = 51;
	objects = {

/* Begin PBXBuildFile section */
		6540C20324743C0800DE6CE0 /* TaskListTableViewController.swift in Sources */ = {isa = PBXBuildFile; fileRef = 6540C20224743C0800DE6CE0 /* TaskListTableViewController.swift */; };
		6540C20524743C1C00DE6CE0 /* CalendarViewController.swift in Sources */ = {isa = PBXBuildFile; fileRef = 6540C20424743C1C00DE6CE0 /* CalendarViewController.swift */; };
		6540C20724743CA300DE6CE0 /* Task.swift in Sources */ = {isa = PBXBuildFile; fileRef = 6540C20624743CA300DE6CE0 /* Task.swift */; };
		6540C2092474404200DE6CE0 /* TaskCell.swift in Sources */ = {isa = PBXBuildFile; fileRef = 6540C2082474404200DE6CE0 /* TaskCell.swift */; };
		6590F68324745A3600CF6FA6 /* AddTaskViewController.swift in Sources */ = {isa = PBXBuildFile; fileRef = 6590F68224745A3600CF6FA6 /* AddTaskViewController.swift */; };
		6590F6872474724C00CF6FA6 /* DateCell.swift in Sources */ = {isa = PBXBuildFile; fileRef = 6590F6862474724C00CF6FA6 /* DateCell.swift */; };
		65F26BE224735D08009FA650 /* AppDelegate.swift in Sources */ = {isa = PBXBuildFile; fileRef = 65F26BE124735D08009FA650 /* AppDelegate.swift */; };
		65F26BE424735D08009FA650 /* SceneDelegate.swift in Sources */ = {isa = PBXBuildFile; fileRef = 65F26BE324735D08009FA650 /* SceneDelegate.swift */; };
		65F26BE924735D08009FA650 /* Main.storyboard in Resources */ = {isa = PBXBuildFile; fileRef = 65F26BE724735D08009FA650 /* Main.storyboard */; };
		65F26BEB24735D0A009FA650 /* Assets.xcassets in Resources */ = {isa = PBXBuildFile; fileRef = 65F26BEA24735D0A009FA650 /* Assets.xcassets */; };
		65F26BEE24735D0A009FA650 /* LaunchScreen.storyboard in Resources */ = {isa = PBXBuildFile; fileRef = 65F26BEC24735D0A009FA650 /* LaunchScreen.storyboard */; };
		65F26BF924735D0B009FA650 /* TodoListTests.swift in Sources */ = {isa = PBXBuildFile; fileRef = 65F26BF824735D0B009FA650 /* TodoListTests.swift */; };
		680207F3F8FEACE34CD978DD /* Pods_TodoListTests.framework in Frameworks */ = {isa = PBXBuildFile; fileRef = 2BACC39CBE5647229DC5BB07 /* Pods_TodoListTests.framework */; };
		BD25CA299B0FF2B82EA9C419 /* Pods_TodoList.framework in Frameworks */ = {isa = PBXBuildFile; fileRef = B1D27C3A1A285DDE063FADBF /* Pods_TodoList.framework */; };
/* End PBXBuildFile section */

/* Begin PBXContainerItemProxy section */
		65F26BF524735D0B009FA650 /* PBXContainerItemProxy */ = {
			isa = PBXContainerItemProxy;
			containerPortal = 65F26BD624735D08009FA650 /* Project object */;
			proxyType = 1;
			remoteGlobalIDString = 65F26BDD24735D08009FA650;
			remoteInfo = TodoList;
		};
/* End PBXContainerItemProxy section */

/* Begin PBXFileReference section */
		2BACC39CBE5647229DC5BB07 /* Pods_TodoListTests.framework */ = {isa = PBXFileReference; explicitFileType = wrapper.framework; includeInIndex = 0; path = Pods_TodoListTests.framework; sourceTree = BUILT_PRODUCTS_DIR; };
		3DBCAC8D66470098EC836182 /* Pods-TodoList.debug.xcconfig */ = {isa = PBXFileReference; includeInIndex = 1; lastKnownFileType = text.xcconfig; name = "Pods-TodoList.debug.xcconfig"; path = "Target Support Files/Pods-TodoList/Pods-TodoList.debug.xcconfig"; sourceTree = "<group>"; };
		52D4CBDA0FEB556D6418BF6C /* Pods-TodoListTests.release.xcconfig */ = {isa = PBXFileReference; includeInIndex = 1; lastKnownFileType = text.xcconfig; name = "Pods-TodoListTests.release.xcconfig"; path = "Target Support Files/Pods-TodoListTests/Pods-TodoListTests.release.xcconfig"; sourceTree = "<group>"; };
		6540C20224743C0800DE6CE0 /* TaskListTableViewController.swift */ = {isa = PBXFileReference; lastKnownFileType = sourcecode.swift; path = TaskListTableViewController.swift; sourceTree = "<group>"; };
		6540C20424743C1C00DE6CE0 /* CalendarViewController.swift */ = {isa = PBXFileReference; lastKnownFileType = sourcecode.swift; path = CalendarViewController.swift; sourceTree = "<group>"; };
		6540C20624743CA300DE6CE0 /* Task.swift */ = {isa = PBXFileReference; lastKnownFileType = sourcecode.swift; path = Task.swift; sourceTree = "<group>"; };
		6540C2082474404200DE6CE0 /* TaskCell.swift */ = {isa = PBXFileReference; lastKnownFileType = sourcecode.swift; path = TaskCell.swift; sourceTree = "<group>"; };
		6590F68224745A3600CF6FA6 /* AddTaskViewController.swift */ = {isa = PBXFileReference; lastKnownFileType = sourcecode.swift; path = AddTaskViewController.swift; sourceTree = "<group>"; };
		6590F6862474724C00CF6FA6 /* DateCell.swift */ = {isa = PBXFileReference; lastKnownFileType = sourcecode.swift; path = DateCell.swift; sourceTree = "<group>"; };
		65F26BDE24735D08009FA650 /* TodoList.app */ = {isa = PBXFileReference; explicitFileType = wrapper.application; includeInIndex = 0; path = TodoList.app; sourceTree = BUILT_PRODUCTS_DIR; };
		65F26BE124735D08009FA650 /* AppDelegate.swift */ = {isa = PBXFileReference; lastKnownFileType = sourcecode.swift; path = AppDelegate.swift; sourceTree = "<group>"; };
		65F26BE324735D08009FA650 /* SceneDelegate.swift */ = {isa = PBXFileReference; lastKnownFileType = sourcecode.swift; path = SceneDelegate.swift; sourceTree = "<group>"; };
		65F26BE824735D08009FA650 /* Base */ = {isa = PBXFileReference; lastKnownFileType = file.storyboard; name = Base; path = Base.lproj/Main.storyboard; sourceTree = "<group>"; };
		65F26BEA24735D0A009FA650 /* Assets.xcassets */ = {isa = PBXFileReference; lastKnownFileType = folder.assetcatalog; path = Assets.xcassets; sourceTree = "<group>"; };
		65F26BED24735D0A009FA650 /* Base */ = {isa = PBXFileReference; lastKnownFileType = file.storyboard; name = Base; path = Base.lproj/LaunchScreen.storyboard; sourceTree = "<group>"; };
		65F26BEF24735D0A009FA650 /* Info.plist */ = {isa = PBXFileReference; lastKnownFileType = text.plist.xml; path = Info.plist; sourceTree = "<group>"; };
		65F26BF424735D0B009FA650 /* TodoListTests.xctest */ = {isa = PBXFileReference; explicitFileType = wrapper.cfbundle; includeInIndex = 0; path = TodoListTests.xctest; sourceTree = BUILT_PRODUCTS_DIR; };
		65F26BF824735D0B009FA650 /* TodoListTests.swift */ = {isa = PBXFileReference; lastKnownFileType = sourcecode.swift; path = TodoListTests.swift; sourceTree = "<group>"; };
		65F26BFA24735D0B009FA650 /* Info.plist */ = {isa = PBXFileReference; lastKnownFileType = text.plist.xml; path = Info.plist; sourceTree = "<group>"; };
		9A74FF0A5595A8E49E4C20E6 /* Pods-TodoList.release.xcconfig */ = {isa = PBXFileReference; includeInIndex = 1; lastKnownFileType = text.xcconfig; name = "Pods-TodoList.release.xcconfig"; path = "Target Support Files/Pods-TodoList/Pods-TodoList.release.xcconfig"; sourceTree = "<group>"; };
		B1D27C3A1A285DDE063FADBF /* Pods_TodoList.framework */ = {isa = PBXFileReference; explicitFileType = wrapper.framework; includeInIndex = 0; path = Pods_TodoList.framework; sourceTree = BUILT_PRODUCTS_DIR; };
		D878D0D385951A14282CD73A /* Pods-TodoListTests.debug.xcconfig */ = {isa = PBXFileReference; includeInIndex = 1; lastKnownFileType = text.xcconfig; name = "Pods-TodoListTests.debug.xcconfig"; path = "Target Support Files/Pods-TodoListTests/Pods-TodoListTests.debug.xcconfig"; sourceTree = "<group>"; };
/* End PBXFileReference section */

/* Begin PBXFrameworksBuildPhase section */
		65F26BDB24735D08009FA650 /* Frameworks */ = {
			isa = PBXFrameworksBuildPhase;
			buildActionMask = 2147483647;
			files = (
				BD25CA299B0FF2B82EA9C419 /* Pods_TodoList.framework in Frameworks */,
			);
			runOnlyForDeploymentPostprocessing = 0;
		};
		65F26BF124735D0B009FA650 /* Frameworks */ = {
			isa = PBXFrameworksBuildPhase;
			buildActionMask = 2147483647;
			files = (
				680207F3F8FEACE34CD978DD /* Pods_TodoListTests.framework in Frameworks */,
			);
			runOnlyForDeploymentPostprocessing = 0;
		};
/* End PBXFrameworksBuildPhase section */

/* Begin PBXGroup section */
		49D8E8126E1DE7332FE813C0 /* Pods */ = {
			isa = PBXGroup;
			children = (
				3DBCAC8D66470098EC836182 /* Pods-TodoList.debug.xcconfig */,
				9A74FF0A5595A8E49E4C20E6 /* Pods-TodoList.release.xcconfig */,
				D878D0D385951A14282CD73A /* Pods-TodoListTests.debug.xcconfig */,
				52D4CBDA0FEB556D6418BF6C /* Pods-TodoListTests.release.xcconfig */,
			);
			path = Pods;
			sourceTree = "<group>";
		};
		6540C1FE24743BBC00DE6CE0 /* Models */ = {
			isa = PBXGroup;
			children = (
				6540C20624743CA300DE6CE0 /* Task.swift */,
			);
			path = Models;
			sourceTree = "<group>";
		};
		6540C1FF24743BC300DE6CE0 /* ViewControllers */ = {
			isa = PBXGroup;
			children = (
				6540C20224743C0800DE6CE0 /* TaskListTableViewController.swift */,
				6540C20424743C1C00DE6CE0 /* CalendarViewController.swift */,
				6590F68224745A3600CF6FA6 /* AddTaskViewController.swift */,
			);
			path = ViewControllers;
			sourceTree = "<group>";
		};
		6540C20024743BCA00DE6CE0 /* Views */ = {
			isa = PBXGroup;
			children = (
				6590F6842474722E00CF6FA6 /* CollectionViewCells */,
				6540C20A247440A500DE6CE0 /* TableViewCells */,
				65F26BEC24735D0A009FA650 /* LaunchScreen.storyboard */,
				65F26BE724735D08009FA650 /* Main.storyboard */,
			);
			path = Views;
			sourceTree = "<group>";
		};
		6540C20124743BD000DE6CE0 /* Utilities */ = {
			isa = PBXGroup;
			children = (
			);
			path = Utilities;
			sourceTree = "<group>";
		};
		6540C20A247440A500DE6CE0 /* TableViewCells */ = {
			isa = PBXGroup;
			children = (
				6540C2082474404200DE6CE0 /* TaskCell.swift */,
			);
			path = TableViewCells;
			sourceTree = "<group>";
		};
		6590F6842474722E00CF6FA6 /* CollectionViewCells */ = {
			isa = PBXGroup;
			children = (
				6590F6862474724C00CF6FA6 /* DateCell.swift */,
			);
			path = CollectionViewCells;
			sourceTree = "<group>";
		};
		65F26BD524735D08009FA650 = {
			isa = PBXGroup;
			children = (
				65F26BE024735D08009FA650 /* TodoList */,
				65F26BF724735D0B009FA650 /* TodoListTests */,
				65F26BDF24735D08009FA650 /* Products */,
				49D8E8126E1DE7332FE813C0 /* Pods */,
				9F795B9EF83EF623E97E7392 /* Frameworks */,
			);
			sourceTree = "<group>";
		};
		65F26BDF24735D08009FA650 /* Products */ = {
			isa = PBXGroup;
			children = (
				65F26BDE24735D08009FA650 /* TodoList.app */,
				65F26BF424735D0B009FA650 /* TodoListTests.xctest */,
			);
			name = Products;
			sourceTree = "<group>";
		};
		65F26BE024735D08009FA650 /* TodoList */ = {
			isa = PBXGroup;
			children = (
				6540C20124743BD000DE6CE0 /* Utilities */,
				6540C20024743BCA00DE6CE0 /* Views */,
				6540C1FF24743BC300DE6CE0 /* ViewControllers */,
				6540C1FE24743BBC00DE6CE0 /* Models */,
				65F26BE124735D08009FA650 /* AppDelegate.swift */,
				65F26BE324735D08009FA650 /* SceneDelegate.swift */,
				65F26BEA24735D0A009FA650 /* Assets.xcassets */,
				65F26BEF24735D0A009FA650 /* Info.plist */,
			);
			path = TodoList;
			sourceTree = "<group>";
		};
		65F26BF724735D0B009FA650 /* TodoListTests */ = {
			isa = PBXGroup;
			children = (
				65F26BF824735D0B009FA650 /* TodoListTests.swift */,
				65F26BFA24735D0B009FA650 /* Info.plist */,
			);
			path = TodoListTests;
			sourceTree = "<group>";
		};
		9F795B9EF83EF623E97E7392 /* Frameworks */ = {
			isa = PBXGroup;
			children = (
				B1D27C3A1A285DDE063FADBF /* Pods_TodoList.framework */,
				2BACC39CBE5647229DC5BB07 /* Pods_TodoListTests.framework */,
			);
			name = Frameworks;
			sourceTree = "<group>";
		};
/* End PBXGroup section */

/* Begin PBXNativeTarget section */
		65F26BDD24735D08009FA650 /* TodoList */ = {
			isa = PBXNativeTarget;
			buildConfigurationList = 65F26BFD24735D0B009FA650 /* Build configuration list for PBXNativeTarget "TodoList" */;
			buildPhases = (
				67A3654524B307BD4DCB03B6 /* [CP] Check Pods Manifest.lock */,
				65F26BDA24735D08009FA650 /* Sources */,
				65F26BDB24735D08009FA650 /* Frameworks */,
				65F26BDC24735D08009FA650 /* Resources */,
				C2F1184030E4994F1E3CDE61 /* [CP] Embed Pods Frameworks */,
			);
			buildRules = (
			);
			dependencies = (
			);
			name = TodoList;
			productName = TodoList;
			productReference = 65F26BDE24735D08009FA650 /* TodoList.app */;
			productType = "com.apple.product-type.application";
		};
		65F26BF324735D0B009FA650 /* TodoListTests */ = {
			isa = PBXNativeTarget;
			buildConfigurationList = 65F26C0024735D0B009FA650 /* Build configuration list for PBXNativeTarget "TodoListTests" */;
			buildPhases = (
				E12BABEFFDA5A21EABF17C8E /* [CP] Check Pods Manifest.lock */,
				65F26BF024735D0B009FA650 /* Sources */,
				65F26BF124735D0B009FA650 /* Frameworks */,
				65F26BF224735D0B009FA650 /* Resources */,
			);
			buildRules = (
			);
			dependencies = (
				65F26BF624735D0B009FA650 /* PBXTargetDependency */,
			);
			name = TodoListTests;
			productName = TodoListTests;
			productReference = 65F26BF424735D0B009FA650 /* TodoListTests.xctest */;
			productType = "com.apple.product-type.bundle.unit-test";
		};
/* End PBXNativeTarget section */

/* Begin PBXProject section */
		65F26BD624735D08009FA650 /* Project object */ = {
			isa = PBXProject;
			attributes = {
				LastSwiftUpdateCheck = 1140;
				LastUpgradeCheck = 1140;
				ORGANIZATIONNAME = "Omar Padierna";
				TargetAttributes = {
					65F26BDD24735D08009FA650 = {
						CreatedOnToolsVersion = 11.4.1;
					};
					65F26BF324735D0B009FA650 = {
						CreatedOnToolsVersion = 11.4.1;
						TestTargetID = 65F26BDD24735D08009FA650;
					};
				};
			};
			buildConfigurationList = 65F26BD924735D08009FA650 /* Build configuration list for PBXProject "TodoList" */;
			compatibilityVersion = "Xcode 9.3";
			developmentRegion = en;
			hasScannedForEncodings = 0;
			knownRegions = (
				en,
				Base,
			);
			mainGroup = 65F26BD524735D08009FA650;
			productRefGroup = 65F26BDF24735D08009FA650 /* Products */;
			projectDirPath = "";
			projectRoot = "";
			targets = (
				65F26BDD24735D08009FA650 /* TodoList */,
				65F26BF324735D0B009FA650 /* TodoListTests */,
			);
		};
/* End PBXProject section */

/* Begin PBXResourcesBuildPhase section */
		65F26BDC24735D08009FA650 /* Resources */ = {
			isa = PBXResourcesBuildPhase;
			buildActionMask = 2147483647;
			files = (
				65F26BEE24735D0A009FA650 /* LaunchScreen.storyboard in Resources */,
				65F26BEB24735D0A009FA650 /* Assets.xcassets in Resources */,
				65F26BE924735D08009FA650 /* Main.storyboard in Resources */,
			);
			runOnlyForDeploymentPostprocessing = 0;
		};
		65F26BF224735D0B009FA650 /* Resources */ = {
			isa = PBXResourcesBuildPhase;
			buildActionMask = 2147483647;
			files = (
			);
			runOnlyForDeploymentPostprocessing = 0;
		};
/* End PBXResourcesBuildPhase section */

/* Begin PBXShellScriptBuildPhase section */
		67A3654524B307BD4DCB03B6 /* [CP] Check Pods Manifest.lock */ = {
			isa = PBXShellScriptBuildPhase;
			buildActionMask = 2147483647;
			files = (
			);
			inputFileListPaths = (
			);
			inputPaths = (
				"${PODS_PODFILE_DIR_PATH}/Podfile.lock",
				"${PODS_ROOT}/Manifest.lock",
			);
			name = "[CP] Check Pods Manifest.lock";
			outputFileListPaths = (
			);
			outputPaths = (
				"$(DERIVED_FILE_DIR)/Pods-TodoList-checkManifestLockResult.txt",
			);
			runOnlyForDeploymentPostprocessing = 0;
			shellPath = /bin/sh;
			shellScript = "diff \"${PODS_PODFILE_DIR_PATH}/Podfile.lock\" \"${PODS_ROOT}/Manifest.lock\" > /dev/null\nif [ $? != 0 ] ; then\n    # print error to STDERR\n    echo \"error: The sandbox is not in sync with the Podfile.lock. Run 'pod install' or update your CocoaPods installation.\" >&2\n    exit 1\nfi\n# This output is used by Xcode 'outputs' to avoid re-running this script phase.\necho \"SUCCESS\" > \"${SCRIPT_OUTPUT_FILE_0}\"\n";
			showEnvVarsInLog = 0;
		};
		C2F1184030E4994F1E3CDE61 /* [CP] Embed Pods Frameworks */ = {
			isa = PBXShellScriptBuildPhase;
			buildActionMask = 2147483647;
			files = (
			);
			inputFileListPaths = (
				"${PODS_ROOT}/Target Support Files/Pods-TodoList/Pods-TodoList-frameworks-${CONFIGURATION}-input-files.xcfilelist",
			);
			name = "[CP] Embed Pods Frameworks";
			outputFileListPaths = (
				"${PODS_ROOT}/Target Support Files/Pods-TodoList/Pods-TodoList-frameworks-${CONFIGURATION}-output-files.xcfilelist",
			);
			runOnlyForDeploymentPostprocessing = 0;
			shellPath = /bin/sh;
			shellScript = "\"${PODS_ROOT}/Target Support Files/Pods-TodoList/Pods-TodoList-frameworks.sh\"\n";
			showEnvVarsInLog = 0;
		};
		E12BABEFFDA5A21EABF17C8E /* [CP] Check Pods Manifest.lock */ = {
			isa = PBXShellScriptBuildPhase;
			buildActionMask = 2147483647;
			files = (
			);
			inputFileListPaths = (
			);
			inputPaths = (
				"${PODS_PODFILE_DIR_PATH}/Podfile.lock",
				"${PODS_ROOT}/Manifest.lock",
			);
			name = "[CP] Check Pods Manifest.lock";
			outputFileListPaths = (
			);
			outputPaths = (
				"$(DERIVED_FILE_DIR)/Pods-TodoListTests-checkManifestLockResult.txt",
			);
			runOnlyForDeploymentPostprocessing = 0;
			shellPath = /bin/sh;
			shellScript = "diff \"${PODS_PODFILE_DIR_PATH}/Podfile.lock\" \"${PODS_ROOT}/Manifest.lock\" > /dev/null\nif [ $? != 0 ] ; then\n    # print error to STDERR\n    echo \"error: The sandbox is not in sync with the Podfile.lock. Run 'pod install' or update your CocoaPods installation.\" >&2\n    exit 1\nfi\n# This output is used by Xcode 'outputs' to avoid re-running this script phase.\necho \"SUCCESS\" > \"${SCRIPT_OUTPUT_FILE_0}\"\n";
			showEnvVarsInLog = 0;
		};
/* End PBXShellScriptBuildPhase section */

/* Begin PBXSourcesBuildPhase section */
		65F26BDA24735D08009FA650 /* Sources */ = {
			isa = PBXSourcesBuildPhase;
			buildActionMask = 2147483647;
			files = (
				6540C20524743C1C00DE6CE0 /* CalendarViewController.swift in Sources */,
				6540C20324743C0800DE6CE0 /* TaskListTableViewController.swift in Sources */,
				6540C20724743CA300DE6CE0 /* Task.swift in Sources */,
				65F26BE224735D08009FA650 /* AppDelegate.swift in Sources */,
				6540C2092474404200DE6CE0 /* TaskCell.swift in Sources */,
				65F26BE424735D08009FA650 /* SceneDelegate.swift in Sources */,
				6590F68324745A3600CF6FA6 /* AddTaskViewController.swift in Sources */,
				6590F6872474724C00CF6FA6 /* DateCell.swift in Sources */,
			);
			runOnlyForDeploymentPostprocessing = 0;
		};
		65F26BF024735D0B009FA650 /* Sources */ = {
			isa = PBXSourcesBuildPhase;
			buildActionMask = 2147483647;
			files = (
				65F26BF924735D0B009FA650 /* TodoListTests.swift in Sources */,
			);
			runOnlyForDeploymentPostprocessing = 0;
		};
/* End PBXSourcesBuildPhase section */

/* Begin PBXTargetDependency section */
		65F26BF624735D0B009FA650 /* PBXTargetDependency */ = {
			isa = PBXTargetDependency;
			target = 65F26BDD24735D08009FA650 /* TodoList */;
			targetProxy = 65F26BF524735D0B009FA650 /* PBXContainerItemProxy */;
		};
/* End PBXTargetDependency section */

/* Begin PBXVariantGroup section */
		65F26BE724735D08009FA650 /* Main.storyboard */ = {
			isa = PBXVariantGroup;
			children = (
				65F26BE824735D08009FA650 /* Base */,
			);
			name = Main.storyboard;
			sourceTree = "<group>";
		};
		65F26BEC24735D0A009FA650 /* LaunchScreen.storyboard */ = {
			isa = PBXVariantGroup;
			children = (
				65F26BED24735D0A009FA650 /* Base */,
			);
			name = LaunchScreen.storyboard;
			sourceTree = "<group>";
		};
/* End PBXVariantGroup section */

/* Begin XCBuildConfiguration section */
		65F26BFB24735D0B009FA650 /* Debug */ = {
			isa = XCBuildConfiguration;
			buildSettings = {
				ALWAYS_SEARCH_USER_PATHS = NO;
				CLANG_ANALYZER_NONNULL = YES;
				CLANG_ANALYZER_NUMBER_OBJECT_CONVERSION = YES_AGGRESSIVE;
				CLANG_CXX_LANGUAGE_STANDARD = "gnu++14";
				CLANG_CXX_LIBRARY = "libc++";
				CLANG_ENABLE_MODULES = YES;
				CLANG_ENABLE_OBJC_ARC = YES;
				CLANG_ENABLE_OBJC_WEAK = YES;
				CLANG_WARN_BLOCK_CAPTURE_AUTORELEASING = YES;
				CLANG_WARN_BOOL_CONVERSION = YES;
				CLANG_WARN_COMMA = YES;
				CLANG_WARN_CONSTANT_CONVERSION = YES;
				CLANG_WARN_DEPRECATED_OBJC_IMPLEMENTATIONS = YES;
				CLANG_WARN_DIRECT_OBJC_ISA_USAGE = YES_ERROR;
				CLANG_WARN_DOCUMENTATION_COMMENTS = YES;
				CLANG_WARN_EMPTY_BODY = YES;
				CLANG_WARN_ENUM_CONVERSION = YES;
				CLANG_WARN_INFINITE_RECURSION = YES;
				CLANG_WARN_INT_CONVERSION = YES;
				CLANG_WARN_NON_LITERAL_NULL_CONVERSION = YES;
				CLANG_WARN_OBJC_IMPLICIT_RETAIN_SELF = YES;
				CLANG_WARN_OBJC_LITERAL_CONVERSION = YES;
				CLANG_WARN_OBJC_ROOT_CLASS = YES_ERROR;
				CLANG_WARN_RANGE_LOOP_ANALYSIS = YES;
				CLANG_WARN_STRICT_PROTOTYPES = YES;
				CLANG_WARN_SUSPICIOUS_MOVE = YES;
				CLANG_WARN_UNGUARDED_AVAILABILITY = YES_AGGRESSIVE;
				CLANG_WARN_UNREACHABLE_CODE = YES;
				CLANG_WARN__DUPLICATE_METHOD_MATCH = YES;
				COPY_PHASE_STRIP = NO;
				DEBUG_INFORMATION_FORMAT = dwarf;
				ENABLE_STRICT_OBJC_MSGSEND = YES;
				ENABLE_TESTABILITY = YES;
				GCC_C_LANGUAGE_STANDARD = gnu11;
				GCC_DYNAMIC_NO_PIC = NO;
				GCC_NO_COMMON_BLOCKS = YES;
				GCC_OPTIMIZATION_LEVEL = 0;
				GCC_PREPROCESSOR_DEFINITIONS = (
					"DEBUG=1",
					"$(inherited)",
				);
				GCC_WARN_64_TO_32_BIT_CONVERSION = YES;
				GCC_WARN_ABOUT_RETURN_TYPE = YES_ERROR;
				GCC_WARN_UNDECLARED_SELECTOR = YES;
				GCC_WARN_UNINITIALIZED_AUTOS = YES_AGGRESSIVE;
				GCC_WARN_UNUSED_FUNCTION = YES;
				GCC_WARN_UNUSED_VARIABLE = YES;
				IPHONEOS_DEPLOYMENT_TARGET = 13.4;
				MTL_ENABLE_DEBUG_INFO = INCLUDE_SOURCE;
				MTL_FAST_MATH = YES;
				ONLY_ACTIVE_ARCH = YES;
				SDKROOT = iphoneos;
				SWIFT_ACTIVE_COMPILATION_CONDITIONS = DEBUG;
				SWIFT_OPTIMIZATION_LEVEL = "-Onone";
			};
			name = Debug;
		};
		65F26BFC24735D0B009FA650 /* Release */ = {
			isa = XCBuildConfiguration;
			buildSettings = {
				ALWAYS_SEARCH_USER_PATHS = NO;
				CLANG_ANALYZER_NONNULL = YES;
				CLANG_ANALYZER_NUMBER_OBJECT_CONVERSION = YES_AGGRESSIVE;
				CLANG_CXX_LANGUAGE_STANDARD = "gnu++14";
				CLANG_CXX_LIBRARY = "libc++";
				CLANG_ENABLE_MODULES = YES;
				CLANG_ENABLE_OBJC_ARC = YES;
				CLANG_ENABLE_OBJC_WEAK = YES;
				CLANG_WARN_BLOCK_CAPTURE_AUTORELEASING = YES;
				CLANG_WARN_BOOL_CONVERSION = YES;
				CLANG_WARN_COMMA = YES;
				CLANG_WARN_CONSTANT_CONVERSION = YES;
				CLANG_WARN_DEPRECATED_OBJC_IMPLEMENTATIONS = YES;
				CLANG_WARN_DIRECT_OBJC_ISA_USAGE = YES_ERROR;
				CLANG_WARN_DOCUMENTATION_COMMENTS = YES;
				CLANG_WARN_EMPTY_BODY = YES;
				CLANG_WARN_ENUM_CONVERSION = YES;
				CLANG_WARN_INFINITE_RECURSION = YES;
				CLANG_WARN_INT_CONVERSION = YES;
				CLANG_WARN_NON_LITERAL_NULL_CONVERSION = YES;
				CLANG_WARN_OBJC_IMPLICIT_RETAIN_SELF = YES;
				CLANG_WARN_OBJC_LITERAL_CONVERSION = YES;
				CLANG_WARN_OBJC_ROOT_CLASS = YES_ERROR;
				CLANG_WARN_RANGE_LOOP_ANALYSIS = YES;
				CLANG_WARN_STRICT_PROTOTYPES = YES;
				CLANG_WARN_SUSPICIOUS_MOVE = YES;
				CLANG_WARN_UNGUARDED_AVAILABILITY = YES_AGGRESSIVE;
				CLANG_WARN_UNREACHABLE_CODE = YES;
				CLANG_WARN__DUPLICATE_METHOD_MATCH = YES;
				COPY_PHASE_STRIP = NO;
				DEBUG_INFORMATION_FORMAT = "dwarf-with-dsym";
				ENABLE_NS_ASSERTIONS = NO;
				ENABLE_STRICT_OBJC_MSGSEND = YES;
				GCC_C_LANGUAGE_STANDARD = gnu11;
				GCC_NO_COMMON_BLOCKS = YES;
				GCC_WARN_64_TO_32_BIT_CONVERSION = YES;
				GCC_WARN_ABOUT_RETURN_TYPE = YES_ERROR;
				GCC_WARN_UNDECLARED_SELECTOR = YES;
				GCC_WARN_UNINITIALIZED_AUTOS = YES_AGGRESSIVE;
				GCC_WARN_UNUSED_FUNCTION = YES;
				GCC_WARN_UNUSED_VARIABLE = YES;
				IPHONEOS_DEPLOYMENT_TARGET = 13.4;
				MTL_ENABLE_DEBUG_INFO = NO;
				MTL_FAST_MATH = YES;
				SDKROOT = iphoneos;
				SWIFT_COMPILATION_MODE = wholemodule;
				SWIFT_OPTIMIZATION_LEVEL = "-O";
				VALIDATE_PRODUCT = YES;
			};
			name = Release;
		};
		65F26BFE24735D0B009FA650 /* Debug */ = {
			isa = XCBuildConfiguration;
			baseConfigurationReference = 3DBCAC8D66470098EC836182 /* Pods-TodoList.debug.xcconfig */;
			buildSettings = {
				ASSETCATALOG_COMPILER_APPICON_NAME = AppIcon;
				CODE_SIGN_STYLE = Automatic;
				DEVELOPMENT_TEAM = 785ZM488BB;
				INFOPLIST_FILE = TodoList/Info.plist;
				LD_RUNPATH_SEARCH_PATHS = (
					"$(inherited)",
					"@executable_path/Frameworks",
				);
				PRODUCT_BUNDLE_IDENTIFIER = com.para11ax.TodoList;
				PRODUCT_NAME = "$(TARGET_NAME)";
				SWIFT_VERSION = 5.0;
				TARGETED_DEVICE_FAMILY = "1,2";
			};
			name = Debug;
		};
		65F26BFF24735D0B009FA650 /* Release */ = {
			isa = XCBuildConfiguration;
			baseConfigurationReference = 9A74FF0A5595A8E49E4C20E6 /* Pods-TodoList.release.xcconfig */;
			buildSettings = {
				ASSETCATALOG_COMPILER_APPICON_NAME = AppIcon;
				CODE_SIGN_STYLE = Automatic;
				DEVELOPMENT_TEAM = 785ZM488BB;
				INFOPLIST_FILE = TodoList/Info.plist;
				LD_RUNPATH_SEARCH_PATHS = (
					"$(inherited)",
					"@executable_path/Frameworks",
				);
				PRODUCT_BUNDLE_IDENTIFIER = com.para11ax.TodoList;
				PRODUCT_NAME = "$(TARGET_NAME)";
				SWIFT_VERSION = 5.0;
				TARGETED_DEVICE_FAMILY = "1,2";
			};
			name = Release;
		};
		65F26C0124735D0B009FA650 /* Debug */ = {
			isa = XCBuildConfiguration;
			baseConfigurationReference = D878D0D385951A14282CD73A /* Pods-TodoListTests.debug.xcconfig */;
			buildSettings = {
				ALWAYS_EMBED_SWIFT_STANDARD_LIBRARIES = YES;
				BUNDLE_LOADER = "$(TEST_HOST)";
				CODE_SIGN_STYLE = Automatic;
				DEVELOPMENT_TEAM = 785ZM488BB;
				INFOPLIST_FILE = TodoListTests/Info.plist;
				IPHONEOS_DEPLOYMENT_TARGET = 13.4;
				LD_RUNPATH_SEARCH_PATHS = (
					"$(inherited)",
					"@executable_path/Frameworks",
					"@loader_path/Frameworks",
				);
				PRODUCT_BUNDLE_IDENTIFIER = com.para11ax.TodoListTests;
				PRODUCT_NAME = "$(TARGET_NAME)";
				SWIFT_VERSION = 5.0;
				TARGETED_DEVICE_FAMILY = "1,2";
				TEST_HOST = "$(BUILT_PRODUCTS_DIR)/TodoList.app/TodoList";
			};
			name = Debug;
		};
		65F26C0224735D0B009FA650 /* Release */ = {
			isa = XCBuildConfiguration;
			baseConfigurationReference = 52D4CBDA0FEB556D6418BF6C /* Pods-TodoListTests.release.xcconfig */;
			buildSettings = {
				ALWAYS_EMBED_SWIFT_STANDARD_LIBRARIES = YES;
				BUNDLE_LOADER = "$(TEST_HOST)";
				CODE_SIGN_STYLE = Automatic;
				DEVELOPMENT_TEAM = 785ZM488BB;
				INFOPLIST_FILE = TodoListTests/Info.plist;
				IPHONEOS_DEPLOYMENT_TARGET = 13.4;
				LD_RUNPATH_SEARCH_PATHS = (
					"$(inherited)",
					"@executable_path/Frameworks",
					"@loader_path/Frameworks",
				);
				PRODUCT_BUNDLE_IDENTIFIER = com.para11ax.TodoListTests;
				PRODUCT_NAME = "$(TARGET_NAME)";
				SWIFT_VERSION = 5.0;
				TARGETED_DEVICE_FAMILY = "1,2";
				TEST_HOST = "$(BUILT_PRODUCTS_DIR)/TodoList.app/TodoList";
			};
			name = Release;
		};
/* End XCBuildConfiguration section */

/* Begin XCConfigurationList section */
		65F26BD924735D08009FA650 /* Build configuration list for PBXProject "TodoList" */ = {
			isa = XCConfigurationList;
			buildConfigurations = (
				65F26BFB24735D0B009FA650 /* Debug */,
				65F26BFC24735D0B009FA650 /* Release */,
			);
			defaultConfigurationIsVisible = 0;
			defaultConfigurationName = Release;
		};
		65F26BFD24735D0B009FA650 /* Build configuration list for PBXNativeTarget "TodoList" */ = {
			isa = XCConfigurationList;
			buildConfigurations = (
				65F26BFE24735D0B009FA650 /* Debug */,
				65F26BFF24735D0B009FA650 /* Release */,
			);
			defaultConfigurationIsVisible = 0;
			defaultConfigurationName = Release;
		};
		65F26C0024735D0B009FA650 /* Build configuration list for PBXNativeTarget "TodoListTests" */ = {
			isa = XCConfigurationList;
			buildConfigurations = (
				65F26C0124735D0B009FA650 /* Debug */,
				65F26C0224735D0B009FA650 /* Release */,
			);
			defaultConfigurationIsVisible = 0;
			defaultConfigurationName = Release;
		};
/* End XCConfigurationList section */
	};
	rootObject = 65F26BD624735D08009FA650 /* Project object */;
}
